
Microsoft Visual Studio Solution File, Format Version 12.00
# Visual Studio 2012
Project("{FAE04EC0-301F-11D3-BF4B-00C04F79EFBC}") = "StringCalculate", "ConsoleApplication2\StringCalculate.csproj", "{46098612-381C-4367-9702-E5D2F3FAF803}"
EndProject
Project("{FAE04EC0-301F-11D3-BF4B-00C04F79EFBC}") = "StringCalculateTests", "StringCalculateTests\StringCalculateTests.csproj", "{D95797A9-38DD-4A85-BBD3-6C5E4FAE974F}"
EndProject
Global
	GlobalSection(SolutionConfigurationPlatforms) = preSolution
		Debug|Any CPU = Debug|Any CPU
		Release|Any CPU = Release|Any CPU
	EndGlobalSection
	GlobalSection(ProjectConfigurationPlatforms) = postSolution
		{46098612-381C-4367-9702-E5D2F3FAF803}.Debug|Any CPU.ActiveCfg = Debug|Any CPU
		{46098612-381C-4367-9702-E5D2F3FAF803}.Debug|Any CPU.Build.0 = Debug|Any CPU
		{46098612-381C-4367-9702-E5D2F3FAF803}.Release|Any CPU.ActiveCfg = Release|Any CPU
		{46098612-381C-4367-9702-E5D2F3FAF803}.Release|Any CPU.Build.0 = Release|Any CPU
		{D95797A9-38DD-4A85-BBD3-6C5E4FAE974F}.Debug|Any CPU.ActiveCfg = Debug|Any CPU
		{D95797A9-38DD-4A85-BBD3-6C5E4FAE974F}.Debug|Any CPU.Build.0 = Debug|Any CPU
		{D95797A9-38DD-4A85-BBD3-6C5E4FAE974F}.Release|Any CPU.ActiveCfg = Release|Any CPU
		{D95797A9-38DD-4A85-BBD3-6C5E4FAE974F}.Release|Any CPU.Build.0 = Release|Any CPU
	EndGlobalSection
	GlobalSection(SolutionProperties) = preSolution
		HideSolutionNode = FALSE
	EndGlobalSection
EndGlobal
